
Microsoft Visual Studio Solution File, Format Version 12.00
# Visual Studio Version 17
VisualStudioVersion = 17.14.36310.24
MinimumVisualStudioVersion = 10.0.40219.1
Project("{FAE04EC0-301F-11D3-BF4B-00C04F79EFBC}") = "Core", "Core\Core.csproj", "{1105B7A3-6E51-4DAB-9AF4-86D805D00686}"
EndProject
Project("{FAE04EC0-301F-11D3-BF4B-00C04F79EFBC}") = "DataAccess", "DataAccess\DataAccess.csproj", "{EA72374E-A1C3-4306-872D-079C8FCED522}"
EndProject
Project("{FAE04EC0-301F-11D3-BF4B-00C04F79EFBC}") = "Business", "Business\Business.csproj", "{FB41E134-6CEF-4064-929C-6CD4D3B0875B}"
EndProject
Project("{FAE04EC0-301F-11D3-BF4B-00C04F79EFBC}") = "Infrastructure", "Infrastructure\Infrastructure.csproj", "{584021B1-F347-4EEF-94E3-79CC5FCD918C}"
EndProject
Project("{FAE04EC0-301F-11D3-BF4B-00C04F79EFBC}") = "WebAPI", "WebAPI\WebAPI.csproj", "{253F75B6-3323-42C7-B29E-C9C85FAAA7C0}"
EndProject
Project("{FAE04EC0-301F-11D3-BF4B-00C04F79EFBC}") = "Entities", "Entities\Entities.csproj", "{8EB614F1-A045-48F8-8F5C-204BB55AFB68}"
EndProject
Project("{FAE04EC0-301F-11D3-BF4B-00C04F79EFBC}") = "UI", "UI\UI.csproj", "{F088E10C-0FF1-4E3F-AB9F-D33B46D1133F}"
EndProject
Global
	GlobalSection(SolutionConfigurationPlatforms) = preSolution
		Debug|Any CPU = Debug|Any CPU
		Release|Any CPU = Release|Any CPU
	EndGlobalSection
	GlobalSection(ProjectConfigurationPlatforms) = postSolution
		{1105B7A3-6E51-4DAB-9AF4-86D805D00686}.Debug|Any CPU.ActiveCfg = Debug|Any CPU
		{1105B7A3-6E51-4DAB-9AF4-86D805D00686}.Debug|Any CPU.Build.0 = Debug|Any CPU
		{1105B7A3-6E51-4DAB-9AF4-86D805D00686}.Release|Any CPU.ActiveCfg = Release|Any CPU
		{1105B7A3-6E51-4DAB-9AF4-86D805D00686}.Release|Any CPU.Build.0 = Release|Any CPU
		{EA72374E-A1C3-4306-872D-079C8FCED522}.Debug|Any CPU.ActiveCfg = Debug|Any CPU
		{EA72374E-A1C3-4306-872D-079C8FCED522}.Debug|Any CPU.Build.0 = Debug|Any CPU
		{EA72374E-A1C3-4306-872D-079C8FCED522}.Release|Any CPU.ActiveCfg = Release|Any CPU
		{EA72374E-A1C3-4306-872D-079C8FCED522}.Release|Any CPU.Build.0 = Release|Any CPU
		{FB41E134-6CEF-4064-929C-6CD4D3B0875B}.Debug|Any CPU.ActiveCfg = Debug|Any CPU
		{FB41E134-6CEF-4064-929C-6CD4D3B0875B}.Debug|Any CPU.Build.0 = Debug|Any CPU
		{FB41E134-6CEF-4064-929C-6CD4D3B0875B}.Release|Any CPU.ActiveCfg = Release|Any CPU
		{FB41E134-6CEF-4064-929C-6CD4D3B0875B}.Release|Any CPU.Build.0 = Release|Any CPU
		{584021B1-F347-4EEF-94E3-79CC5FCD918C}.Debug|Any CPU.ActiveCfg = Debug|Any CPU
		{584021B1-F347-4EEF-94E3-79CC5FCD918C}.Debug|Any CPU.Build.0 = Debug|Any CPU
		{584021B1-F347-4EEF-94E3-79CC5FCD918C}.Release|Any CPU.ActiveCfg = Release|Any CPU
		{584021B1-F347-4EEF-94E3-79CC5FCD918C}.Release|Any CPU.Build.0 = Release|Any CPU
		{253F75B6-3323-42C7-B29E-C9C85FAAA7C0}.Debug|Any CPU.ActiveCfg = Debug|Any CPU
		{253F75B6-3323-42C7-B29E-C9C85FAAA7C0}.Debug|Any CPU.Build.0 = Debug|Any CPU
		{253F75B6-3323-42C7-B29E-C9C85FAAA7C0}.Release|Any CPU.ActiveCfg = Release|Any CPU
		{253F75B6-3323-42C7-B29E-C9C85FAAA7C0}.Release|Any CPU.Build.0 = Release|Any CPU
		{8EB614F1-A045-48F8-8F5C-204BB55AFB68}.Debug|Any CPU.ActiveCfg = Debug|Any CPU
		{8EB614F1-A045-48F8-8F5C-204BB55AFB68}.Debug|Any CPU.Build.0 = Debug|Any CPU
		{8EB614F1-A045-48F8-8F5C-204BB55AFB68}.Release|Any CPU.ActiveCfg = Release|Any CPU
		{8EB614F1-A045-48F8-8F5C-204BB55AFB68}.Release|Any CPU.Build.0 = Release|Any CPU
		{F088E10C-0FF1-4E3F-AB9F-D33B46D1133F}.Debug|Any CPU.ActiveCfg = Debug|Any CPU
		{F088E10C-0FF1-4E3F-AB9F-D33B46D1133F}.Debug|Any CPU.Build.0 = Debug|Any CPU
		{F088E10C-0FF1-4E3F-AB9F-D33B46D1133F}.Release|Any CPU.ActiveCfg = Release|Any CPU
		{F088E10C-0FF1-4E3F-AB9F-D33B46D1133F}.Release|Any CPU.Build.0 = Release|Any CPU
	EndGlobalSection
	GlobalSection(SolutionProperties) = preSolution
		HideSolutionNode = FALSE
	EndGlobalSection
	GlobalSection(ExtensibilityGlobals) = postSolution
		SolutionGuid = {4258D429-15C8-43F8-A3BB-3E986191395C}
	EndGlobalSection
EndGlobal
